// !$*UTF8*$!
{
	archiveVersion = 1;
	classes = {
	};
	objectVersion = 50;
	objects = {

/* Begin PBXBuildFile section */
		C5C5DB1326EA0AE80049D59F /* HeaderCustomScrollUXApp.swift in Sources */ = {isa = PBXBuildFile; fileRef = C5C5DB1226EA0AE80049D59F /* HeaderCustomScrollUXApp.swift */; };
		C5C5DB1526EA0AE80049D59F /* ContentView.swift in Sources */ = {isa = PBXBuildFile; fileRef = C5C5DB1426EA0AE80049D59F /* ContentView.swift */; };
		C5C5DB1726EA0AE90049D59F /* Assets.xcassets in Resources */ = {isa = PBXBuildFile; fileRef = C5C5DB1626EA0AE90049D59F /* Assets.xcassets */; };
		C5C5DB1A26EA0AE90049D59F /* Preview Assets.xcassets in Resources */ = {isa = PBXBuildFile; fileRef = C5C5DB1926EA0AE90049D59F /* Preview Assets.xcassets */; };
		C5C5DB2526EA0AE90049D59F /* HeaderCustomScrollUXTests.swift in Sources */ = {isa = PBXBuildFile; fileRef = C5C5DB2426EA0AE90049D59F /* HeaderCustomScrollUXTests.swift */; };
		C5C5DB3026EA0AE90049D59F /* HeaderCustomScrollUXUITests.swift in Sources */ = {isa = PBXBuildFile; fileRef = C5C5DB2F26EA0AE90049D59F /* HeaderCustomScrollUXUITests.swift */; };
/* End PBXBuildFile section */

/* Begin PBXContainerItemProxy section */
		C5C5DB2126EA0AE90049D59F /* PBXContainerItemProxy */ = {
			isa = PBXContainerItemProxy;
			containerPortal = C5C5DB0726EA0AE80049D59F /* Project object */;
			proxyType = 1;
			remoteGlobalIDString = C5C5DB0E26EA0AE80049D59F;
			remoteInfo = HeaderCustomScrollUX;
		};
		C5C5DB2C26EA0AE90049D59F /* PBXContainerItemProxy */ = {
			isa = PBXContainerItemProxy;
			containerPortal = C5C5DB0726EA0AE80049D59F /* Project object */;
			proxyType = 1;
			remoteGlobalIDString = C5C5DB0E26EA0AE80049D59F;
			remoteInfo = HeaderCustomScrollUX;
		};
/* End PBXContainerItemProxy section */

/* Begin PBXFileReference section */
		C5C5DB0F26EA0AE80049D59F /* HeaderCustomScrollUX.app */ = {isa = PBXFileReference; explicitFileType = wrapper.application; includeInIndex = 0; path = HeaderCustomScrollUX.app; sourceTree = BUILT_PRODUCTS_DIR; };
		C5C5DB1226EA0AE80049D59F /* HeaderCustomScrollUXApp.swift */ = {isa = PBXFileReference; lastKnownFileType = sourcecode.swift; path = HeaderCustomScrollUXApp.swift; sourceTree = "<group>"; };
		C5C5DB1426EA0AE80049D59F /* ContentView.swift */ = {isa = PBXFileReference; lastKnownFileType = sourcecode.swift; path = ContentView.swift; sourceTree = "<group>"; };
		C5C5DB1626EA0AE90049D59F /* Assets.xcassets */ = {isa = PBXFileReference; lastKnownFileType = folder.assetcatalog; path = Assets.xcassets; sourceTree = "<group>"; };
		C5C5DB1926EA0AE90049D59F /* Preview Assets.xcassets */ = {isa = PBXFileReference; lastKnownFileType = folder.assetcatalog; path = "Preview Assets.xcassets"; sourceTree = "<group>"; };
		C5C5DB1B26EA0AE90049D59F /* Info.plist */ = {isa = PBXFileReference; lastKnownFileType = text.plist.xml; path = Info.plist; sourceTree = "<group>"; };
		C5C5DB2026EA0AE90049D59F /* HeaderCustomScrollUXTests.xctest */ = {isa = PBXFileReference; explicitFileType = wrapper.cfbundle; includeInIndex = 0; path = HeaderCustomScrollUXTests.xctest; sourceTree = BUILT_PRODUCTS_DIR; };
		C5C5DB2426EA0AE90049D59F /* HeaderCustomScrollUXTests.swift */ = {isa = PBXFileReference; lastKnownFileType = sourcecode.swift; path = HeaderCustomScrollUXTests.swift; sourceTree = "<group>"; };
		C5C5DB2626EA0AE90049D59F /* Info.plist */ = {isa = PBXFileReference; lastKnownFileType = text.plist.xml; path = Info.plist; sourceTree = "<group>"; };
		C5C5DB2B26EA0AE90049D59F /* HeaderCustomScrollUXUITests.xctest */ = {isa = PBXFileReference; explicitFileType = wrapper.cfbundle; includeInIndex = 0; path = HeaderCustomScrollUXUITests.xctest; sourceTree = BUILT_PRODUCTS_DIR; };
		C5C5DB2F26EA0AE90049D59F /* HeaderCustomScrollUXUITests.swift */ = {isa = PBXFileReference; lastKnownFileType = sourcecode.swift; path = HeaderCustomScrollUXUITests.swift; sourceTree = "<group>"; };
		C5C5DB3126EA0AE90049D59F /* Info.plist */ = {isa = PBXFileReference; lastKnownFileType = text.plist.xml; path = Info.plist; sourceTree = "<group>"; };
/* End PBXFileReference section */

/* Begin PBXFrameworksBuildPhase section */
		C5C5DB0C26EA0AE80049D59F /* Frameworks */ = {
			isa = PBXFrameworksBuildPhase;
			buildActionMask = 2147483647;
			files = (
			);
			runOnlyForDeploymentPostprocessing = 0;
		};
		C5C5DB1D26EA0AE90049D59F /* Frameworks */ = {
			isa = PBXFrameworksBuildPhase;
			buildActionMask = 2147483647;
			files = (
			);
			runOnlyForDeploymentPostprocessing = 0;
		};
		C5C5DB2826EA0AE90049D59F /* Frameworks */ = {
			isa = PBXFrameworksBuildPhase;
			buildActionMask = 2147483647;
			files = (
			);
			runOnlyForDeploymentPostprocessing = 0;
		};
/* End PBXFrameworksBuildPhase section */

/* Begin PBXGroup section */
		C5C5DB0626EA0AE70049D59F = {
			isa = PBXGroup;
			children = (
				C5C5DB1126EA0AE80049D59F /* HeaderCustomScrollUX */,
				C5C5DB2326EA0AE90049D59F /* HeaderCustomScrollUXTests */,
				C5C5DB2E26EA0AE90049D59F /* HeaderCustomScrollUXUITests */,
				C5C5DB1026EA0AE80049D59F /* Products */,
			);
			sourceTree = "<group>";
		};
		C5C5DB1026EA0AE80049D59F /* Products */ = {
			isa = PBXGroup;
			children = (
				C5C5DB0F26EA0AE80049D59F /* HeaderCustomScrollUX.app */,
				C5C5DB2026EA0AE90049D59F /* HeaderCustomScrollUXTests.xctest */,
				C5C5DB2B26EA0AE90049D59F /* HeaderCustomScrollUXUITests.xctest */,
			);
			name = Products;
			sourceTree = "<group>";
		};
		C5C5DB1126EA0AE80049D59F /* HeaderCustomScrollUX */ = {
			isa = PBXGroup;
			children = (
				C5C5DB1226EA0AE80049D59F /* HeaderCustomScrollUXApp.swift */,
				C5C5DB1426EA0AE80049D59F /* ContentView.swift */,
				C5C5DB1626EA0AE90049D59F /* Assets.xcassets */,
				C5C5DB1B26EA0AE90049D59F /* Info.plist */,
				C5C5DB1826EA0AE90049D59F /* Preview Content */,
			);
			path = HeaderCustomScrollUX;
			sourceTree = "<group>";
		};
		C5C5DB1826EA0AE90049D59F /* Preview Content */ = {
			isa = PBXGroup;
			children = (
				C5C5DB1926EA0AE90049D59F /* Preview Assets.xcassets */,
			);
			path = "Preview Content";
			sourceTree = "<group>";
		};
		C5C5DB2326EA0AE90049D59F /* HeaderCustomScrollUXTests */ = {
			isa = PBXGroup;
			children = (
				C5C5DB2426EA0AE90049D59F /* HeaderCustomScrollUXTests.swift */,
				C5C5DB2626EA0AE90049D59F /* Info.plist */,
			);
			path = HeaderCustomScrollUXTests;
			sourceTree = "<group>";
		};
		C5C5DB2E26EA0AE90049D59F /* HeaderCustomScrollUXUITests */ = {
			isa = PBXGroup;
			children = (
				C5C5DB2F26EA0AE90049D59F /* HeaderCustomScrollUXUITests.swift */,
				C5C5DB3126EA0AE90049D59F /* Info.plist */,
			);
			path = HeaderCustomScrollUXUITests;
			sourceTree = "<group>";
		};
/* End PBXGroup section */

/* Begin PBXNativeTarget section */
		C5C5DB0E26EA0AE80049D59F /* HeaderCustomScrollUX */ = {
			isa = PBXNativeTarget;
			buildConfigurationList = C5C5DB3426EA0AE90049D59F /* Build configuration list for PBXNativeTarget "HeaderCustomScrollUX" */;
			buildPhases = (
				C5C5DB0B26EA0AE80049D59F /* Sources */,
				C5C5DB0C26EA0AE80049D59F /* Frameworks */,
				C5C5DB0D26EA0AE80049D59F /* Resources */,
			);
			buildRules = (
			);
			dependencies = (
			);
			name = HeaderCustomScrollUX;
			productName = HeaderCustomScrollUX;
			productReference = C5C5DB0F26EA0AE80049D59F /* HeaderCustomScrollUX.app */;
			productType = "com.apple.product-type.application";
		};
		C5C5DB1F26EA0AE90049D59F /* HeaderCustomScrollUXTests */ = {
			isa = PBXNativeTarget;
			buildConfigurationList = C5C5DB3726EA0AE90049D59F /* Build configuration list for PBXNativeTarget "HeaderCustomScrollUXTests" */;
			buildPhases = (
				C5C5DB1C26EA0AE90049D59F /* Sources */,
				C5C5DB1D26EA0AE90049D59F /* Frameworks */,
				C5C5DB1E26EA0AE90049D59F /* Resources */,
			);
			buildRules = (
			);
			dependencies = (
				C5C5DB2226EA0AE90049D59F /* PBXTargetDependency */,
			);
			name = HeaderCustomScrollUXTests;
			productName = HeaderCustomScrollUXTests;
			productReference = C5C5DB2026EA0AE90049D59F /* HeaderCustomScrollUXTests.xctest */;
			productType = "com.apple.product-type.bundle.unit-test";
		};
		C5C5DB2A26EA0AE90049D59F /* HeaderCustomScrollUXUITests */ = {
			isa = PBXNativeTarget;
			buildConfigurationList = C5C5DB3A26EA0AE90049D59F /* Build configuration list for PBXNativeTarget "HeaderCustomScrollUXUITests" */;
			buildPhases = (
				C5C5DB2726EA0AE90049D59F /* Sources */,
				C5C5DB2826EA0AE90049D59F /* Frameworks */,
				C5C5DB2926EA0AE90049D59F /* Resources */,
			);
			buildRules = (
			);
			dependencies = (
				C5C5DB2D26EA0AE90049D59F /* PBXTargetDependency */,
			);
			name = HeaderCustomScrollUXUITests;
			productName = HeaderCustomScrollUXUITests;
			productReference = C5C5DB2B26EA0AE90049D59F /* HeaderCustomScrollUXUITests.xctest */;
			productType = "com.apple.product-type.bundle.ui-testing";
		};
/* End PBXNativeTarget section */

/* Begin PBXProject section */
		C5C5DB0726EA0AE80049D59F /* Project object */ = {
			isa = PBXProject;
			attributes = {
				LastSwiftUpdateCheck = 1250;
				LastUpgradeCheck = 1250;
				TargetAttributes = {
					C5C5DB0E26EA0AE80049D59F = {
						CreatedOnToolsVersion = 12.5.1;
					};
					C5C5DB1F26EA0AE90049D59F = {
						CreatedOnToolsVersion = 12.5.1;
						TestTargetID = C5C5DB0E26EA0AE80049D59F;
					};
					C5C5DB2A26EA0AE90049D59F = {
						CreatedOnToolsVersion = 12.5.1;
						TestTargetID = C5C5DB0E26EA0AE80049D59F;
					};
				};
			};
			buildConfigurationList = C5C5DB0A26EA0AE80049D59F /* Build configuration list for PBXProject "HeaderCustomScrollUX" */;
			compatibilityVersion = "Xcode 9.3";
			developmentRegion = en;
			hasScannedForEncodings = 0;
			knownRegions = (
				en,
				Base,
			);
			mainGroup = C5C5DB0626EA0AE70049D59F;
			productRefGroup = C5C5DB1026EA0AE80049D59F /* Products */;
			projectDirPath = "";
			projectRoot = "";
			targets = (
				C5C5DB0E26EA0AE80049D59F /* HeaderCustomScrollUX */,
				C5C5DB1F26EA0AE90049D59F /* HeaderCustomScrollUXTests */,
				C5C5DB2A26EA0AE90049D59F /* HeaderCustomScrollUXUITests */,
			);
		};
/* End PBXProject section */

/* Begin PBXResourcesBuildPhase section */
		C5C5DB0D26EA0AE80049D59F /* Resources */ = {
			isa = PBXResourcesBuildPhase;
			buildActionMask = 2147483647;
			files = (
				C5C5DB1A26EA0AE90049D59F /* Preview Assets.xcassets in Resources */,
				C5C5DB1726EA0AE90049D59F /* Assets.xcassets in Resources */,
			);
			runOnlyForDeploymentPostprocessing = 0;
		};
		C5C5DB1E26EA0AE90049D59F /* Resources */ = {
			isa = PBXResourcesBuildPhase;
			buildActionMask = 2147483647;
			files = (
			);
			runOnlyForDeploymentPostprocessing = 0;
		};
		C5C5DB2926EA0AE90049D59F /* Resources */ = {
			isa = PBXResourcesBuildPhase;
			buildActionMask = 2147483647;
			files = (
			);
			runOnlyForDeploymentPostprocessing = 0;
		};
/* End PBXResourcesBuildPhase section */

/* Begin PBXSourcesBuildPhase section */
		C5C5DB0B26EA0AE80049D59F /* Sources */ = {
			isa = PBXSourcesBuildPhase;
			buildActionMask = 2147483647;
			files = (
				C5C5DB1526EA0AE80049D59F /* ContentView.swift in Sources */,
				C5C5DB1326EA0AE80049D59F /* HeaderCustomScrollUXApp.swift in Sources */,
			);
			runOnlyForDeploymentPostprocessing = 0;
		};
		C5C5DB1C26EA0AE90049D59F /* Sources */ = {
			isa = PBXSourcesBuildPhase;
			buildActionMask = 2147483647;
			files = (
				C5C5DB2526EA0AE90049D59F /* HeaderCustomScrollUXTests.swift in Sources */,
			);
			runOnlyForDeploymentPostprocessing = 0;
		};
		C5C5DB2726EA0AE90049D59F /* Sources */ = {
			isa = PBXSourcesBuildPhase;
			buildActionMask = 2147483647;
			files = (
				C5C5DB3026EA0AE90049D59F /* HeaderCustomScrollUXUITests.swift in Sources */,
			);
			runOnlyForDeploymentPostprocessing = 0;
		};
/* End PBXSourcesBuildPhase section */

/* Begin PBXTargetDependency section */
		C5C5DB2226EA0AE90049D59F /* PBXTargetDependency */ = {
			isa = PBXTargetDependency;
			target = C5C5DB0E26EA0AE80049D59F /* HeaderCustomScrollUX */;
			targetProxy = C5C5DB2126EA0AE90049D59F /* PBXContainerItemProxy */;
		};
		C5C5DB2D26EA0AE90049D59F /* PBXTargetDependency */ = {
			isa = PBXTargetDependency;
			target = C5C5DB0E26EA0AE80049D59F /* HeaderCustomScrollUX */;
			targetProxy = C5C5DB2C26EA0AE90049D59F /* PBXContainerItemProxy */;
		};
/* End PBXTargetDependency section */

/* Begin XCBuildConfiguration section */
		C5C5DB3226EA0AE90049D59F /* Debug */ = {
			isa = XCBuildConfiguration;
			buildSettings = {
				ALWAYS_SEARCH_USER_PATHS = NO;
				CLANG_ANALYZER_NONNULL = YES;
				CLANG_ANALYZER_NUMBER_OBJECT_CONVERSION = YES_AGGRESSIVE;
				CLANG_CXX_LANGUAGE_STANDARD = "gnu++14";
				CLANG_CXX_LIBRARY = "libc++";
				CLANG_ENABLE_MODULES = YES;
				CLANG_ENABLE_OBJC_ARC = YES;
				CLANG_ENABLE_OBJC_WEAK = YES;
				CLANG_WARN_BLOCK_CAPTURE_AUTORELEASING = YES;
				CLANG_WARN_BOOL_CONVERSION = YES;
				CLANG_WARN_COMMA = YES;
				CLANG_WARN_CONSTANT_CONVERSION = YES;
				CLANG_WARN_DEPRECATED_OBJC_IMPLEMENTATIONS = YES;
				CLANG_WARN_DIRECT_OBJC_ISA_USAGE = YES_ERROR;
				CLANG_WARN_DOCUMENTATION_COMMENTS = YES;
				CLANG_WARN_EMPTY_BODY = YES;
				CLANG_WARN_ENUM_CONVERSION = YES;
				CLANG_WARN_INFINITE_RECURSION = YES;
				CLANG_WARN_INT_CONVERSION = YES;
				CLANG_WARN_NON_LITERAL_NULL_CONVERSION = YES;
				CLANG_WARN_OBJC_IMPLICIT_RETAIN_SELF = YES;
				CLANG_WARN_OBJC_LITERAL_CONVERSION = YES;
				CLANG_WARN_OBJC_ROOT_CLASS = YES_ERROR;
				CLANG_WARN_QUOTED_INCLUDE_IN_FRAMEWORK_HEADER = YES;
				CLANG_WARN_RANGE_LOOP_ANALYSIS = YES;
				CLANG_WARN_STRICT_PROTOTYPES = YES;
				CLANG_WARN_SUSPICIOUS_MOVE = YES;
				CLANG_WARN_UNGUARDED_AVAILABILITY = YES_AGGRESSIVE;
				CLANG_WARN_UNREACHABLE_CODE = YES;
				CLANG_WARN__DUPLICATE_METHOD_MATCH = YES;
				COPY_PHASE_STRIP = NO;
				DEBUG_INFORMATION_FORMAT = dwarf;
				ENABLE_STRICT_OBJC_MSGSEND = YES;
				ENABLE_TESTABILITY = YES;
				GCC_C_LANGUAGE_STANDARD = gnu11;
				GCC_DYNAMIC_NO_PIC = NO;
				GCC_NO_COMMON_BLOCKS = YES;
				GCC_OPTIMIZATION_LEVEL = 0;
				GCC_PREPROCESSOR_DEFINITIONS = (
					"DEBUG=1",
					"$(inherited)",
				);
				GCC_WARN_64_TO_32_BIT_CONVERSION = YES;
				GCC_WARN_ABOUT_RETURN_TYPE = YES_ERROR;
				GCC_WARN_UNDECLARED_SELECTOR = YES;
				GCC_WARN_UNINITIALIZED_AUTOS = YES_AGGRESSIVE;
				GCC_WARN_UNUSED_FUNCTION = YES;
				GCC_WARN_UNUSED_VARIABLE = YES;
				IPHONEOS_DEPLOYMENT_TARGET = 14.5;
				MTL_ENABLE_DEBUG_INFO = INCLUDE_SOURCE;
				MTL_FAST_MATH = YES;
				ONLY_ACTIVE_ARCH = YES;
				SDKROOT = iphoneos;
				SWIFT_ACTIVE_COMPILATION_CONDITIONS = DEBUG;
				SWIFT_OPTIMIZATION_LEVEL = "-Onone";
			};
			name = Debug;
		};
		C5C5DB3326EA0AE90049D59F /* Release */ = {
			isa = XCBuildConfiguration;
			buildSettings = {
				ALWAYS_SEARCH_USER_PATHS = NO;
				CLANG_ANALYZER_NONNULL = YES;
				CLANG_ANALYZER_NUMBER_OBJECT_CONVERSION = YES_AGGRESSIVE;
				CLANG_CXX_LANGUAGE_STANDARD = "gnu++14";
				CLANG_CXX_LIBRARY = "libc++";
				CLANG_ENABLE_MODULES = YES;
				CLANG_ENABLE_OBJC_ARC = YES;
				CLANG_ENABLE_OBJC_WEAK = YES;
				CLANG_WARN_BLOCK_CAPTURE_AUTORELEASING = YES;
				CLANG_WARN_BOOL_CONVERSION = YES;
				CLANG_WARN_COMMA = YES;
				CLANG_WARN_CONSTANT_CONVERSION = YES;
				CLANG_WARN_DEPRECATED_OBJC_IMPLEMENTATIONS = YES;
				CLANG_WARN_DIRECT_OBJC_ISA_USAGE = YES_ERROR;
				CLANG_WARN_DOCUMENTATION_COMMENTS = YES;
				CLANG_WARN_EMPTY_BODY = YES;
				CLANG_WARN_ENUM_CONVERSION = YES;
				CLANG_WARN_INFINITE_RECURSION = YES;
				CLANG_WARN_INT_CONVERSION = YES;
				CLANG_WARN_NON_LITERAL_NULL_CONVERSION = YES;
				CLANG_WARN_OBJC_IMPLICIT_RETAIN_SELF = YES;
				CLANG_WARN_OBJC_LITERAL_CONVERSION = YES;
				CLANG_WARN_OBJC_ROOT_CLASS = YES_ERROR;
				CLANG_WARN_QUOTED_INCLUDE_IN_FRAMEWORK_HEADER = YES;
				CLANG_WARN_RANGE_LOOP_ANALYSIS = YES;
				CLANG_WARN_STRICT_PROTOTYPES = YES;
				CLANG_WARN_SUSPICIOUS_MOVE = YES;
				CLANG_WARN_UNGUARDED_AVAILABILITY = YES_AGGRESSIVE;
				CLANG_WARN_UNREACHABLE_CODE = YES;
				CLANG_WARN__DUPLICATE_METHOD_MATCH = YES;
				COPY_PHASE_STRIP = NO;
				DEBUG_INFORMATION_FORMAT = "dwarf-with-dsym";
				ENABLE_NS_ASSERTIONS = NO;
				ENABLE_STRICT_OBJC_MSGSEND = YES;
				GCC_C_LANGUAGE_STANDARD = gnu11;
				GCC_NO_COMMON_BLOCKS = YES;
				GCC_WARN_64_TO_32_BIT_CONVERSION = YES;
				GCC_WARN_ABOUT_RETURN_TYPE = YES_ERROR;
				GCC_WARN_UNDECLARED_SELECTOR = YES;
				GCC_WARN_UNINITIALIZED_AUTOS = YES_AGGRESSIVE;
				GCC_WARN_UNUSED_FUNCTION = YES;
				GCC_WARN_UNUSED_VARIABLE = YES;
				IPHONEOS_DEPLOYMENT_TARGET = 14.5;
				MTL_ENABLE_DEBUG_INFO = NO;
				MTL_FAST_MATH = YES;
				SDKROOT = iphoneos;
				SWIFT_COMPILATION_MODE = wholemodule;
				SWIFT_OPTIMIZATION_LEVEL = "-O";
				VALIDATE_PRODUCT = YES;
			};
			name = Release;
		};
		C5C5DB3526EA0AE90049D59F /* Debug */ = {
			isa = XCBuildConfiguration;
			buildSettings = {
				ASSETCATALOG_COMPILER_APPICON_NAME = AppIcon;
				ASSETCATALOG_COMPILER_GLOBAL_ACCENT_COLOR_NAME = AccentColor;
				CODE_SIGN_STYLE = Automatic;
				DEVELOPMENT_ASSET_PATHS = "\"HeaderCustomScrollUX/Preview Content\"";
				DEVELOPMENT_TEAM = M2E9JH565P;
				ENABLE_PREVIEWS = YES;
				INFOPLIST_FILE = HeaderCustomScrollUX/Info.plist;
				IPHONEOS_DEPLOYMENT_TARGET = 14.0;
				LD_RUNPATH_SEARCH_PATHS = (
					"$(inherited)",
					"@executable_path/Frameworks",
				);
				PRODUCT_BUNDLE_IDENTIFIER = com.rcsoftware.HeaderCustomScrollUX;
				PRODUCT_NAME = "$(TARGET_NAME)";
				SWIFT_VERSION = 5.0;
				TARGETED_DEVICE_FAMILY = "1,2";
			};
			name = Debug;
		};
		C5C5DB3626EA0AE90049D59F /* Release */ = {
			isa = XCBuildConfiguration;
			buildSettings = {
				ASSETCATALOG_COMPILER_APPICON_NAME = AppIcon;
				ASSETCATALOG_COMPILER_GLOBAL_ACCENT_COLOR_NAME = AccentColor;
				CODE_SIGN_STYLE = Automatic;
				DEVELOPMENT_ASSET_PATHS = "\"HeaderCustomScrollUX/Preview Content\"";
				DEVELOPMENT_TEAM = M2E9JH565P;
				ENABLE_PREVIEWS = YES;
				INFOPLIST_FILE = HeaderCustomScrollUX/Info.plist;
				IPHONEOS_DEPLOYMENT_TARGET = 14.0;
				LD_RUNPATH_SEARCH_PATHS = (
					"$(inherited)",
					"@executable_path/Frameworks",
				);
				PRODUCT_BUNDLE_IDENTIFIER = com.rcsoftware.HeaderCustomScrollUX;
				PRODUCT_NAME = "$(TARGET_NAME)";
				SWIFT_VERSION = 5.0;
				TARGETED_DEVICE_FAMILY = "1,2";
			};
			name = Release;
		};
		C5C5DB3826EA0AE90049D59F /* Debug */ = {
			isa = XCBuildConfiguration;
			buildSettings = {
				ALWAYS_EMBED_SWIFT_STANDARD_LIBRARIES = YES;
				BUNDLE_LOADER = "$(TEST_HOST)";
				CODE_SIGN_STYLE = Automatic;
				DEVELOPMENT_TEAM = M2E9JH565P;
				INFOPLIST_FILE = HeaderCustomScrollUXTests/Info.plist;
				IPHONEOS_DEPLOYMENT_TARGET = 14.0;
				LD_RUNPATH_SEARCH_PATHS = (
					"$(inherited)",
					"@executable_path/Frameworks",
					"@loader_path/Frameworks",
				);
				PRODUCT_BUNDLE_IDENTIFIER = com.rcsoftware.HeaderCustomScrollUXTests;
				PRODUCT_NAME = "$(TARGET_NAME)";
				SWIFT_VERSION = 5.0;
				TARGETED_DEVICE_FAMILY = "1,2";
				TEST_HOST = "$(BUILT_PRODUCTS_DIR)/HeaderCustomScrollUX.app/HeaderCustomScrollUX";
			};
			name = Debug;
		};
		C5C5DB3926EA0AE90049D59F /* Release */ = {
			isa = XCBuildConfiguration;
			buildSettings = {
				ALWAYS_EMBED_SWIFT_STANDARD_LIBRARIES = YES;
				BUNDLE_LOADER = "$(TEST_HOST)";
				CODE_SIGN_STYLE = Automatic;
				DEVELOPMENT_TEAM = M2E9JH565P;
				INFOPLIST_FILE = HeaderCustomScrollUXTests/Info.plist;
				IPHONEOS_DEPLOYMENT_TARGET = 14.0;
				LD_RUNPATH_SEARCH_PATHS = (
					"$(inherited)",
					"@executable_path/Frameworks",
					"@loader_path/Frameworks",
				);
				PRODUCT_BUNDLE_IDENTIFIER = com.rcsoftware.HeaderCustomScrollUXTests;
				PRODUCT_NAME = "$(TARGET_NAME)";
				SWIFT_VERSION = 5.0;
				TARGETED_DEVICE_FAMILY = "1,2";
				TEST_HOST = "$(BUILT_PRODUCTS_DIR)/HeaderCustomScrollUX.app/HeaderCustomScrollUX";
			};
			name = Release;
		};
		C5C5DB3B26EA0AE90049D59F /* Debug */ = {
			isa = XCBuildConfiguration;
			buildSettings = {
				ALWAYS_EMBED_SWIFT_STANDARD_LIBRARIES = YES;
				CODE_SIGN_STYLE = Automatic;
				DEVELOPMENT_TEAM = M2E9JH565P;
				INFOPLIST_FILE = HeaderCustomScrollUXUITests/Info.plist;
				LD_RUNPATH_SEARCH_PATHS = (
					"$(inherited)",
					"@executable_path/Frameworks",
					"@loader_path/Frameworks",
				);
				PRODUCT_BUNDLE_IDENTIFIER = com.rcsoftware.HeaderCustomScrollUXUITests;
				PRODUCT_NAME = "$(TARGET_NAME)";
				SWIFT_VERSION = 5.0;
				TARGETED_DEVICE_FAMILY = "1,2";
				TEST_TARGET_NAME = HeaderCustomScrollUX;
			};
			name = Debug;
		};
		C5C5DB3C26EA0AE90049D59F /* Release */ = {
			isa = XCBuildConfiguration;
			buildSettings = {
				ALWAYS_EMBED_SWIFT_STANDARD_LIBRARIES = YES;
				CODE_SIGN_STYLE = Automatic;
				DEVELOPMENT_TEAM = M2E9JH565P;
				INFOPLIST_FILE = HeaderCustomScrollUXUITests/Info.plist;
				LD_RUNPATH_SEARCH_PATHS = (
					"$(inherited)",
					"@executable_path/Frameworks",
					"@loader_path/Frameworks",
				);
				PRODUCT_BUNDLE_IDENTIFIER = com.rcsoftware.HeaderCustomScrollUXUITests;
				PRODUCT_NAME = "$(TARGET_NAME)";
				SWIFT_VERSION = 5.0;
				TARGETED_DEVICE_FAMILY = "1,2";
				TEST_TARGET_NAME = HeaderCustomScrollUX;
			};
			name = Release;
		};
/* End XCBuildConfiguration section */

/* Begin XCConfigurationList section */
		C5C5DB0A26EA0AE80049D59F /* Build configuration list for PBXProject "HeaderCustomScrollUX" */ = {
			isa = XCConfigurationList;
			buildConfigurations = (
				C5C5DB3226EA0AE90049D59F /* Debug */,
				C5C5DB3326EA0AE90049D59F /* Release */,
			);
			defaultConfigurationIsVisible = 0;
			defaultConfigurationName = Release;
		};
		C5C5DB3426EA0AE90049D59F /* Build configuration list for PBXNativeTarget "HeaderCustomScrollUX" */ = {
			isa = XCConfigurationList;
			buildConfigurations = (
				C5C5DB3526EA0AE90049D59F /* Debug */,
				C5C5DB3626EA0AE90049D59F /* Release */,
			);
			defaultConfigurationIsVisible = 0;
			defaultConfigurationName = Release;
		};
		C5C5DB3726EA0AE90049D59F /* Build configuration list for PBXNativeTarget "HeaderCustomScrollUXTests" */ = {
			isa = XCConfigurationList;
			buildConfigurations = (
				C5C5DB3826EA0AE90049D59F /* Debug */,
				C5C5DB3926EA0AE90049D59F /* Release */,
			);
			defaultConfigurationIsVisible = 0;
			defaultConfigurationName = Release;
		};
		C5C5DB3A26EA0AE90049D59F /* Build configuration list for PBXNativeTarget "HeaderCustomScrollUXUITests" */ = {
			isa = XCConfigurationList;
			buildConfigurations = (
				C5C5DB3B26EA0AE90049D59F /* Debug */,
				C5C5DB3C26EA0AE90049D59F /* Release */,
			);
			defaultConfigurationIsVisible = 0;
			defaultConfigurationName = Release;
		};
/* End XCConfigurationList section */
	};
	rootObject = C5C5DB0726EA0AE80049D59F /* Project object */;
}
